
Microsoft Visual Studio Solution File, Format Version 12.00
# Visual Studio Version 17
VisualStudioVersion = 17.0.32112.339
MinimumVisualStudioVersion = 10.0.40219.1
Project("{9A19103F-16F7-4668-BE54-9A1E7A4F7556}") = "SOMA DOS DOIS PRIMEIROS", "listaexercicios2.consoleapp\SOMA DOS DOIS PRIMEIROS.csproj", "{674CD973-9CE1-41B4-BD8C-537E16878391}"
EndProject
Project("{FAE04EC0-301F-11D3-BF4B-00C04F79EFBC}") = "ORDEM DECRESCENTE", "ConsoleApp1\ORDEM DECRESCENTE.csproj", "{F3663FA3-9EF0-4984-A13D-728A91CEB99D}"
EndProject
Project("{FAE04EC0-301F-11D3-BF4B-00C04F79EFBC}") = "IMC", "IMC\IMC.csproj", "{764566D6-E498-4CB6-8D72-B7E319F98B8C}"
EndProject
Project("{FAE04EC0-301F-11D3-BF4B-00C04F79EFBC}") = "impar ou par", "CALCULADORA\impar ou par.csproj", "{3BF5166F-24EA-4174-A633-C1F35B260ABD}"
EndProject
Project("{FAE04EC0-301F-11D3-BF4B-00C04F79EFBC}") = "IGUAL SOMA", "IGUAL SOMA\IGUAL SOMA.csproj", "{0BE45B19-73F2-4A6C-977D-6359D5B931D3}"
EndProject
Global
	GlobalSection(SolutionConfigurationPlatforms) = preSolution
		Debug|Any CPU = Debug|Any CPU
		Release|Any CPU = Release|Any CPU
	EndGlobalSection
	GlobalSection(ProjectConfigurationPlatforms) = postSolution
		{674CD973-9CE1-41B4-BD8C-537E16878391}.Debug|Any CPU.ActiveCfg = Debug|Any CPU
		{674CD973-9CE1-41B4-BD8C-537E16878391}.Debug|Any CPU.Build.0 = Debug|Any CPU
		{674CD973-9CE1-41B4-BD8C-537E16878391}.Release|Any CPU.ActiveCfg = Release|Any CPU
		{674CD973-9CE1-41B4-BD8C-537E16878391}.Release|Any CPU.Build.0 = Release|Any CPU
		{F3663FA3-9EF0-4984-A13D-728A91CEB99D}.Debug|Any CPU.ActiveCfg = Debug|Any CPU
		{F3663FA3-9EF0-4984-A13D-728A91CEB99D}.Debug|Any CPU.Build.0 = Debug|Any CPU
		{F3663FA3-9EF0-4984-A13D-728A91CEB99D}.Release|Any CPU.ActiveCfg = Release|Any CPU
		{F3663FA3-9EF0-4984-A13D-728A91CEB99D}.Release|Any CPU.Build.0 = Release|Any CPU
		{764566D6-E498-4CB6-8D72-B7E319F98B8C}.Debug|Any CPU.ActiveCfg = Debug|Any CPU
		{764566D6-E498-4CB6-8D72-B7E319F98B8C}.Debug|Any CPU.Build.0 = Debug|Any CPU
		{764566D6-E498-4CB6-8D72-B7E319F98B8C}.Release|Any CPU.ActiveCfg = Release|Any CPU
		{764566D6-E498-4CB6-8D72-B7E319F98B8C}.Release|Any CPU.Build.0 = Release|Any CPU
		{3BF5166F-24EA-4174-A633-C1F35B260ABD}.Debug|Any CPU.ActiveCfg = Debug|Any CPU
		{3BF5166F-24EA-4174-A633-C1F35B260ABD}.Debug|Any CPU.Build.0 = Debug|Any CPU
		{3BF5166F-24EA-4174-A633-C1F35B260ABD}.Release|Any CPU.ActiveCfg = Release|Any CPU
		{3BF5166F-24EA-4174-A633-C1F35B260ABD}.Release|Any CPU.Build.0 = Release|Any CPU
		{0BE45B19-73F2-4A6C-977D-6359D5B931D3}.Debug|Any CPU.ActiveCfg = Debug|Any CPU
		{0BE45B19-73F2-4A6C-977D-6359D5B931D3}.Debug|Any CPU.Build.0 = Debug|Any CPU
		{0BE45B19-73F2-4A6C-977D-6359D5B931D3}.Release|Any CPU.ActiveCfg = Release|Any CPU
		{0BE45B19-73F2-4A6C-977D-6359D5B931D3}.Release|Any CPU.Build.0 = Release|Any CPU
	EndGlobalSection
	GlobalSection(SolutionProperties) = preSolution
		HideSolutionNode = FALSE
	EndGlobalSection
	GlobalSection(ExtensibilityGlobals) = postSolution
		SolutionGuid = {56A958DD-9F6A-4E71-933C-AA771B8CB138}
	EndGlobalSection
EndGlobal
